// !$*UTF8*$!
{
	archiveVersion = 1;
	classes = {
	};
	objectVersion = 56;
	objects = {

/* Begin PBXBuildFile section */
		E407BD0B2BC930170004BAFB /* weatherfinal-proj-Info.plist in Resources */ = {isa = PBXBuildFile; fileRef = E407BD0A2BC930170004BAFB /* weatherfinal-proj-Info.plist */; };
		E407BD0D2BC93B900004BAFB /* SplashScreenView.swift in Sources */ = {isa = PBXBuildFile; fileRef = E407BD0C2BC93B900004BAFB /* SplashScreenView.swift */; };
		E42784752BBB21450095FB12 /* LocationManager.swift in Sources */ = {isa = PBXBuildFile; fileRef = E42784742BBB21450095FB12 /* LocationManager.swift */; };
		E42AA0E52BB6DC6D0091B4C5 /* weatherfinal_projApp.swift in Sources */ = {isa = PBXBuildFile; fileRef = E42AA0E42BB6DC6D0091B4C5 /* weatherfinal_projApp.swift */; };
		E42AA0E72BB6DC6D0091B4C5 /* ContentView.swift in Sources */ = {isa = PBXBuildFile; fileRef = E42AA0E62BB6DC6D0091B4C5 /* ContentView.swift */; };
		E42AA0E92BB6DC700091B4C5 /* Assets.xcassets in Resources */ = {isa = PBXBuildFile; fileRef = E42AA0E82BB6DC700091B4C5 /* Assets.xcassets */; };
		E42AA0EC2BB6DC700091B4C5 /* Preview Assets.xcassets in Resources */ = {isa = PBXBuildFile; fileRef = E42AA0EB2BB6DC700091B4C5 /* Preview Assets.xcassets */; };
		E431558A2BBB5B17005EFA4D /* City.swift in Sources */ = {isa = PBXBuildFile; fileRef = E43155892BBB5B17005EFA4D /* City.swift */; };
		E431558D2BBC4A6E005EFA4D /* MySearchList.swift in Sources */ = {isa = PBXBuildFile; fileRef = E431558C2BBC4A6E005EFA4D /* MySearchList.swift */; };
		E43FD4342BCD2BB200EC61A3 /* cloudy_fog.scn in Resources */ = {isa = PBXBuildFile; fileRef = E43FD4332BCD2BB200EC61A3 /* cloudy_fog.scn */; };
		E43FD4362BCD2CE600EC61A3 /* solo_snow.scn in Resources */ = {isa = PBXBuildFile; fileRef = E43FD4352BCD2CE600EC61A3 /* solo_snow.scn */; };
		E43FD4382BCD5CA600EC61A3 /* heavy_rain.scn in Resources */ = {isa = PBXBuildFile; fileRef = E43FD4372BCD5CA600EC61A3 /* heavy_rain.scn */; };
		E43FD43A2BCD692900EC61A3 /* night_snowfall.scn in Resources */ = {isa = PBXBuildFile; fileRef = E43FD4392BCD692900EC61A3 /* night_snowfall.scn */; };
		E43FD43C2BCD6A0D00EC61A3 /* snowfall.scn in Resources */ = {isa = PBXBuildFile; fileRef = E43FD43B2BCD6A0D00EC61A3 /* snowfall.scn */; };
		E43FD43E2BCD72C600EC61A3 /* big_thunderstorm_with_hail.scn in Resources */ = {isa = PBXBuildFile; fileRef = E43FD43D2BCD72C600EC61A3 /* big_thunderstorm_with_hail.scn */; };
		E45D43C82BC4317F00F43519 /* CustomSceneView.swift in Sources */ = {isa = PBXBuildFile; fileRef = E45D43C72BC4317F00F43519 /* CustomSceneView.swift */; };
		E45D43ED2BC4355200F43519 /* clear_moon.scn in Resources */ = {isa = PBXBuildFile; fileRef = E45D43EC2BC4355200F43519 /* clear_moon.scn */; };
		E45D43EF2BC435A500F43519 /* cloudy_night.scn in Resources */ = {isa = PBXBuildFile; fileRef = E45D43EE2BC435A500F43519 /* cloudy_night.scn */; };
		E45D43F12BC435B800F43519 /* cloudy.scn in Resources */ = {isa = PBXBuildFile; fileRef = E45D43F02BC435B800F43519 /* cloudy.scn */; };
		E45D43F32BC435E500F43519 /* angry_rain.scn in Resources */ = {isa = PBXBuildFile; fileRef = E45D43F22BC435E500F43519 /* angry_rain.scn */; };
		E45D43F52BC4361200F43519 /* snowflake.scn in Resources */ = {isa = PBXBuildFile; fileRef = E45D43F42BC4361200F43519 /* snowflake.scn */; };
		E45D43F72BC4365400F43519 /* light_rain.scn in Resources */ = {isa = PBXBuildFile; fileRef = E45D43F62BC4365400F43519 /* light_rain.scn */; };
		E45D43F92BC4366100F43519 /* light_thunderstorm.scn in Resources */ = {isa = PBXBuildFile; fileRef = E45D43F82BC4366100F43519 /* light_thunderstorm.scn */; };
		E45D43FB2BC4369100F43519 /* partly_cloudy.scn in Resources */ = {isa = PBXBuildFile; fileRef = E45D43FA2BC4369100F43519 /* partly_cloudy.scn */; };
		E45D43FD2BC436A000F43519 /* heavy_snow.scn in Resources */ = {isa = PBXBuildFile; fileRef = E45D43FC2BC436A000F43519 /* heavy_snow.scn */; };
		E45D43FF2BC436AD00F43519 /* sunny.scn in Resources */ = {isa = PBXBuildFile; fileRef = E45D43FE2BC436AD00F43519 /* sunny.scn */; };
		E45D44012BC436B900F43519 /* thunder_cloud.scn in Resources */ = {isa = PBXBuildFile; fileRef = E45D44002BC436B900F43519 /* thunder_cloud.scn */; };
		E45D44032BC436C800F43519 /* thunderstorm_with_hail.scn in Resources */ = {isa = PBXBuildFile; fileRef = E45D44022BC436C800F43519 /* thunderstorm_with_hail.scn */; };
		E45D44052BC436D700F43519 /* thunderstorm.scn in Resources */ = {isa = PBXBuildFile; fileRef = E45D44042BC436D700F43519 /* thunderstorm.scn */; };
		E45D440A2BC4491600F43519 /* CurrentInfoDash.swift in Sources */ = {isa = PBXBuildFile; fileRef = E45D44092BC4491600F43519 /* CurrentInfoDash.swift */; };
		E45D440C2BC5844900F43519 /* TodayChart.swift in Sources */ = {isa = PBXBuildFile; fileRef = E45D440B2BC5844900F43519 /* TodayChart.swift */; };
		E481A9B32BB6DDFB005C6DD0 /* MyAppBar.swift in Sources */ = {isa = PBXBuildFile; fileRef = E481A9B22BB6DDFB005C6DD0 /* MyAppBar.swift */; };
		E481A9B52BB6DF88005C6DD0 /* CurrentlyView.swift in Sources */ = {isa = PBXBuildFile; fileRef = E481A9B42BB6DF88005C6DD0 /* CurrentlyView.swift */; };
		E481A9B72BB6DF97005C6DD0 /* TodayView.swift in Sources */ = {isa = PBXBuildFile; fileRef = E481A9B62BB6DF97005C6DD0 /* TodayView.swift */; };
		E481A9B92BB6DFA4005C6DD0 /* WeeklyView.swift in Sources */ = {isa = PBXBuildFile; fileRef = E481A9B82BB6DFA4005C6DD0 /* WeeklyView.swift */; };
		E4B7A2CB2BC7C45700E41BF7 /* MiniSceneView.swift in Sources */ = {isa = PBXBuildFile; fileRef = E4B7A2CA2BC7C45700E41BF7 /* MiniSceneView.swift */; };
		E4B7A2D12BC7D36C00E41BF7 /* WeeklyChart.swift in Sources */ = {isa = PBXBuildFile; fileRef = E4B7A2D02BC7D36C00E41BF7 /* WeeklyChart.swift */; };
/* End PBXBuildFile section */

/* Begin PBXFileReference section */
		E407BD0A2BC930170004BAFB /* weatherfinal-proj-Info.plist */ = {isa = PBXFileReference; lastKnownFileType = text.plist.xml; path = "weatherfinal-proj-Info.plist"; sourceTree = "<group>"; };
		E407BD0C2BC93B900004BAFB /* SplashScreenView.swift */ = {isa = PBXFileReference; lastKnownFileType = sourcecode.swift; path = SplashScreenView.swift; sourceTree = "<group>"; };
		E42784742BBB21450095FB12 /* LocationManager.swift */ = {isa = PBXFileReference; lastKnownFileType = sourcecode.swift; path = LocationManager.swift; sourceTree = "<group>"; };
		E42AA0E12BB6DC6D0091B4C5 /* weatherfinal_proj.app */ = {isa = PBXFileReference; explicitFileType = wrapper.application; includeInIndex = 0; path = weatherfinal_proj.app; sourceTree = BUILT_PRODUCTS_DIR; };
		E42AA0E42BB6DC6D0091B4C5 /* weatherfinal_projApp.swift */ = {isa = PBXFileReference; lastKnownFileType = sourcecode.swift; path = weatherfinal_projApp.swift; sourceTree = "<group>"; };
		E42AA0E62BB6DC6D0091B4C5 /* ContentView.swift */ = {isa = PBXFileReference; lastKnownFileType = sourcecode.swift; path = ContentView.swift; sourceTree = "<group>"; };
		E42AA0E82BB6DC700091B4C5 /* Assets.xcassets */ = {isa = PBXFileReference; lastKnownFileType = folder.assetcatalog; path = Assets.xcassets; sourceTree = "<group>"; };
		E42AA0EB2BB6DC700091B4C5 /* Preview Assets.xcassets */ = {isa = PBXFileReference; lastKnownFileType = folder.assetcatalog; path = "Preview Assets.xcassets"; sourceTree = "<group>"; };
		E43155892BBB5B17005EFA4D /* City.swift */ = {isa = PBXFileReference; lastKnownFileType = sourcecode.swift; path = City.swift; sourceTree = "<group>"; };
		E431558C2BBC4A6E005EFA4D /* MySearchList.swift */ = {isa = PBXFileReference; lastKnownFileType = sourcecode.swift; path = MySearchList.swift; sourceTree = "<group>"; };
		E43FD4332BCD2BB200EC61A3 /* cloudy_fog.scn */ = {isa = PBXFileReference; lastKnownFileType = file.bplist; path = cloudy_fog.scn; sourceTree = "<group>"; };
		E43FD4352BCD2CE600EC61A3 /* solo_snow.scn */ = {isa = PBXFileReference; lastKnownFileType = file.bplist; path = solo_snow.scn; sourceTree = "<group>"; };
		E43FD4372BCD5CA600EC61A3 /* heavy_rain.scn */ = {isa = PBXFileReference; lastKnownFileType = file.bplist; path = heavy_rain.scn; sourceTree = "<group>"; };
		E43FD4392BCD692900EC61A3 /* night_snowfall.scn */ = {isa = PBXFileReference; lastKnownFileType = file.bplist; path = night_snowfall.scn; sourceTree = "<group>"; };
		E43FD43B2BCD6A0D00EC61A3 /* snowfall.scn */ = {isa = PBXFileReference; lastKnownFileType = file.bplist; path = snowfall.scn; sourceTree = "<group>"; };
		E43FD43D2BCD72C600EC61A3 /* big_thunderstorm_with_hail.scn */ = {isa = PBXFileReference; lastKnownFileType = file.bplist; path = big_thunderstorm_with_hail.scn; sourceTree = "<group>"; };
		E45D43C72BC4317F00F43519 /* CustomSceneView.swift */ = {isa = PBXFileReference; lastKnownFileType = sourcecode.swift; path = CustomSceneView.swift; sourceTree = "<group>"; };
		E45D43EC2BC4355200F43519 /* clear_moon.scn */ = {isa = PBXFileReference; lastKnownFileType = file.bplist; path = clear_moon.scn; sourceTree = "<group>"; };
		E45D43EE2BC435A500F43519 /* cloudy_night.scn */ = {isa = PBXFileReference; lastKnownFileType = file.bplist; path = cloudy_night.scn; sourceTree = "<group>"; };
		E45D43F02BC435B800F43519 /* cloudy.scn */ = {isa = PBXFileReference; lastKnownFileType = file.bplist; path = cloudy.scn; sourceTree = "<group>"; };
		E45D43F22BC435E500F43519 /* angry_rain.scn */ = {isa = PBXFileReference; lastKnownFileType = file.bplist; path = angry_rain.scn; sourceTree = "<group>"; };
		E45D43F42BC4361200F43519 /* snowflake.scn */ = {isa = PBXFileReference; lastKnownFileType = file.bplist; path = snowflake.scn; sourceTree = "<group>"; };
		E45D43F62BC4365400F43519 /* light_rain.scn */ = {isa = PBXFileReference; lastKnownFileType = file.bplist; path = light_rain.scn; sourceTree = "<group>"; };
		E45D43F82BC4366100F43519 /* light_thunderstorm.scn */ = {isa = PBXFileReference; lastKnownFileType = file.bplist; path = light_thunderstorm.scn; sourceTree = "<group>"; };
		E45D43FA2BC4369100F43519 /* partly_cloudy.scn */ = {isa = PBXFileReference; lastKnownFileType = file.bplist; path = partly_cloudy.scn; sourceTree = "<group>"; };
		E45D43FC2BC436A000F43519 /* heavy_snow.scn */ = {isa = PBXFileReference; lastKnownFileType = file.bplist; path = heavy_snow.scn; sourceTree = "<group>"; };
		E45D43FE2BC436AD00F43519 /* sunny.scn */ = {isa = PBXFileReference; lastKnownFileType = file.bplist; path = sunny.scn; sourceTree = "<group>"; };
		E45D44002BC436B900F43519 /* thunder_cloud.scn */ = {isa = PBXFileReference; lastKnownFileType = file.bplist; path = thunder_cloud.scn; sourceTree = "<group>"; };
		E45D44022BC436C800F43519 /* thunderstorm_with_hail.scn */ = {isa = PBXFileReference; lastKnownFileType = file.bplist; path = thunderstorm_with_hail.scn; sourceTree = "<group>"; };
		E45D44042BC436D700F43519 /* thunderstorm.scn */ = {isa = PBXFileReference; lastKnownFileType = file.bplist; path = thunderstorm.scn; sourceTree = "<group>"; };
		E45D44092BC4491600F43519 /* CurrentInfoDash.swift */ = {isa = PBXFileReference; lastKnownFileType = sourcecode.swift; path = CurrentInfoDash.swift; sourceTree = "<group>"; };
		E45D440B2BC5844900F43519 /* TodayChart.swift */ = {isa = PBXFileReference; lastKnownFileType = sourcecode.swift; path = TodayChart.swift; sourceTree = "<group>"; };
		E481A9B22BB6DDFB005C6DD0 /* MyAppBar.swift */ = {isa = PBXFileReference; lastKnownFileType = sourcecode.swift; path = MyAppBar.swift; sourceTree = "<group>"; };
		E481A9B42BB6DF88005C6DD0 /* CurrentlyView.swift */ = {isa = PBXFileReference; lastKnownFileType = sourcecode.swift; path = CurrentlyView.swift; sourceTree = "<group>"; };
		E481A9B62BB6DF97005C6DD0 /* TodayView.swift */ = {isa = PBXFileReference; lastKnownFileType = sourcecode.swift; path = TodayView.swift; sourceTree = "<group>"; };
		E481A9B82BB6DFA4005C6DD0 /* WeeklyView.swift */ = {isa = PBXFileReference; lastKnownFileType = sourcecode.swift; path = WeeklyView.swift; sourceTree = "<group>"; };
		E4B7A2CA2BC7C45700E41BF7 /* MiniSceneView.swift */ = {isa = PBXFileReference; lastKnownFileType = sourcecode.swift; path = MiniSceneView.swift; sourceTree = "<group>"; };
		E4B7A2D02BC7D36C00E41BF7 /* WeeklyChart.swift */ = {isa = PBXFileReference; lastKnownFileType = sourcecode.swift; path = WeeklyChart.swift; sourceTree = "<group>"; };
/* End PBXFileReference section */

/* Begin PBXFrameworksBuildPhase section */
		E42AA0DE2BB6DC6D0091B4C5 /* Frameworks */ = {
			isa = PBXFrameworksBuildPhase;
			buildActionMask = 2147483647;
			files = (
			);
			runOnlyForDeploymentPostprocessing = 0;
		};
/* End PBXFrameworksBuildPhase section */

/* Begin PBXGroup section */
		E42AA0D82BB6DC6D0091B4C5 = {
			isa = PBXGroup;
			children = (
				E42AA0E32BB6DC6D0091B4C5 /* weatherfinal_proj */,
				E42AA0E22BB6DC6D0091B4C5 /* Products */,
			);
			sourceTree = "<group>";
		};
		E42AA0E22BB6DC6D0091B4C5 /* Products */ = {
			isa = PBXGroup;
			children = (
				E42AA0E12BB6DC6D0091B4C5 /* weatherfinal_proj.app */,
			);
			name = Products;
			sourceTree = "<group>";
		};
		E42AA0E32BB6DC6D0091B4C5 /* weatherfinal_proj */ = {
			isa = PBXGroup;
			children = (
				E407BD0A2BC930170004BAFB /* weatherfinal-proj-Info.plist */,
				E45D44062BC448E700F43519 /* Widgets */,
				E45D43EB2BC4353300F43519 /* 3D_Objects */,
				E43155882BBB5B02005EFA4D /* API */,
				E481A9B12BB6DDD3005C6DD0 /* Utils */,
				E481A9B02BB6DDCC005C6DD0 /* Views */,
				E42AA0E42BB6DC6D0091B4C5 /* weatherfinal_projApp.swift */,
				E42AA0E62BB6DC6D0091B4C5 /* ContentView.swift */,
				E42AA0E82BB6DC700091B4C5 /* Assets.xcassets */,
				E42AA0EA2BB6DC700091B4C5 /* Preview Content */,
				E407BD0C2BC93B900004BAFB /* SplashScreenView.swift */,
			);
			path = weatherfinal_proj;
			sourceTree = "<group>";
		};
		E42AA0EA2BB6DC700091B4C5 /* Preview Content */ = {
			isa = PBXGroup;
			children = (
				E42AA0EB2BB6DC700091B4C5 /* Preview Assets.xcassets */,
			);
			path = "Preview Content";
			sourceTree = "<group>";
		};
		E43155882BBB5B02005EFA4D /* API */ = {
			isa = PBXGroup;
			children = (
				E42784742BBB21450095FB12 /* LocationManager.swift */,
				E43155892BBB5B17005EFA4D /* City.swift */,
			);
			path = API;
			sourceTree = "<group>";
		};
		E45D43EB2BC4353300F43519 /* 3D_Objects */ = {
			isa = PBXGroup;
			children = (
				E45D43EC2BC4355200F43519 /* clear_moon.scn */,
				E45D43EE2BC435A500F43519 /* cloudy_night.scn */,
				E45D43F02BC435B800F43519 /* cloudy.scn */,
				E43FD4332BCD2BB200EC61A3 /* cloudy_fog.scn */,
				E45D43F22BC435E500F43519 /* angry_rain.scn */,
				E43FD4372BCD5CA600EC61A3 /* heavy_rain.scn */,
				E45D43F42BC4361200F43519 /* snowflake.scn */,
				E43FD4352BCD2CE600EC61A3 /* solo_snow.scn */,
				E45D43F62BC4365400F43519 /* light_rain.scn */,
				E45D43F82BC4366100F43519 /* light_thunderstorm.scn */,
				E45D43FA2BC4369100F43519 /* partly_cloudy.scn */,
				E45D43FC2BC436A000F43519 /* heavy_snow.scn */,
				E43FD43B2BCD6A0D00EC61A3 /* snowfall.scn */,
				E43FD4392BCD692900EC61A3 /* night_snowfall.scn */,
				E45D43FE2BC436AD00F43519 /* sunny.scn */,
				E45D44002BC436B900F43519 /* thunder_cloud.scn */,
				E45D44022BC436C800F43519 /* thunderstorm_with_hail.scn */,
				E43FD43D2BCD72C600EC61A3 /* big_thunderstorm_with_hail.scn */,
				E45D44042BC436D700F43519 /* thunderstorm.scn */,
			);
			path = 3D_Objects;
			sourceTree = "<group>";
		};
		E45D44062BC448E700F43519 /* Widgets */ = {
			isa = PBXGroup;
			children = (
				E45D44092BC4491600F43519 /* CurrentInfoDash.swift */,
				E45D440B2BC5844900F43519 /* TodayChart.swift */,
				E4B7A2D02BC7D36C00E41BF7 /* WeeklyChart.swift */,
			);
			path = Widgets;
			sourceTree = "<group>";
		};
		E481A9B02BB6DDCC005C6DD0 /* Views */ = {
			isa = PBXGroup;
			children = (
				E481A9B42BB6DF88005C6DD0 /* CurrentlyView.swift */,
				E481A9B62BB6DF97005C6DD0 /* TodayView.swift */,
				E481A9B82BB6DFA4005C6DD0 /* WeeklyView.swift */,
			);
			path = Views;
			sourceTree = "<group>";
		};
		E481A9B12BB6DDD3005C6DD0 /* Utils */ = {
			isa = PBXGroup;
			children = (
				E481A9B22BB6DDFB005C6DD0 /* MyAppBar.swift */,
				E431558C2BBC4A6E005EFA4D /* MySearchList.swift */,
				E45D43C72BC4317F00F43519 /* CustomSceneView.swift */,
				E4B7A2CA2BC7C45700E41BF7 /* MiniSceneView.swift */,
			);
			path = Utils;
			sourceTree = "<group>";
		};
/* End PBXGroup section */

/* Begin PBXNativeTarget section */
		E42AA0E02BB6DC6D0091B4C5 /* weatherfinal_proj */ = {
			isa = PBXNativeTarget;
			buildConfigurationList = E42AA0EF2BB6DC700091B4C5 /* Build configuration list for PBXNativeTarget "weatherfinal_proj" */;
			buildPhases = (
				E42AA0DD2BB6DC6D0091B4C5 /* Sources */,
				E42AA0DE2BB6DC6D0091B4C5 /* Frameworks */,
				E42AA0DF2BB6DC6D0091B4C5 /* Resources */,
			);
			buildRules = (
			);
			dependencies = (
			);
			name = weatherfinal_proj;
			packageProductDependencies = (
			);
			productName = weatherAppV2proj;
			productReference = E42AA0E12BB6DC6D0091B4C5 /* weatherfinal_proj.app */;
			productType = "com.apple.product-type.application";
		};
/* End PBXNativeTarget section */

/* Begin PBXProject section */
		E42AA0D92BB6DC6D0091B4C5 /* Project object */ = {
			isa = PBXProject;
			attributes = {
				BuildIndependentTargetsInParallel = 1;
				LastSwiftUpdateCheck = 1530;
				LastUpgradeCheck = 1530;
				TargetAttributes = {
					E42AA0E02BB6DC6D0091B4C5 = {
						CreatedOnToolsVersion = 15.3;
					};
				};
			};
			buildConfigurationList = E42AA0DC2BB6DC6D0091B4C5 /* Build configuration list for PBXProject "weatherfinal_proj" */;
			compatibilityVersion = "Xcode 14.0";
			developmentRegion = en;
			hasScannedForEncodings = 0;
			knownRegions = (
				en,
				Base,
			);
			mainGroup = E42AA0D82BB6DC6D0091B4C5;
			packageReferences = (
			);
			productRefGroup = E42AA0E22BB6DC6D0091B4C5 /* Products */;
			projectDirPath = "";
			projectRoot = "";
			targets = (
				E42AA0E02BB6DC6D0091B4C5 /* weatherfinal_proj */,
			);
		};
/* End PBXProject section */

/* Begin PBXResourcesBuildPhase section */
		E42AA0DF2BB6DC6D0091B4C5 /* Resources */ = {
			isa = PBXResourcesBuildPhase;
			buildActionMask = 2147483647;
			files = (
				E407BD0B2BC930170004BAFB /* weatherfinal-proj-Info.plist in Resources */,
				E45D43F72BC4365400F43519 /* light_rain.scn in Resources */,
				E43FD4382BCD5CA600EC61A3 /* heavy_rain.scn in Resources */,
				E45D44052BC436D700F43519 /* thunderstorm.scn in Resources */,
				E45D43F32BC435E500F43519 /* angry_rain.scn in Resources */,
				E45D44012BC436B900F43519 /* thunder_cloud.scn in Resources */,
				E43FD4342BCD2BB200EC61A3 /* cloudy_fog.scn in Resources */,
				E43FD43A2BCD692900EC61A3 /* night_snowfall.scn in Resources */,
				E45D44032BC436C800F43519 /* thunderstorm_with_hail.scn in Resources */,
				E45D43EF2BC435A500F43519 /* cloudy_night.scn in Resources */,
				E45D43FD2BC436A000F43519 /* heavy_snow.scn in Resources */,
				E45D43FF2BC436AD00F43519 /* sunny.scn in Resources */,
				E43FD4362BCD2CE600EC61A3 /* solo_snow.scn in Resources */,
				E45D43F52BC4361200F43519 /* snowflake.scn in Resources */,
				E45D43F12BC435B800F43519 /* cloudy.scn in Resources */,
				E42AA0EC2BB6DC700091B4C5 /* Preview Assets.xcassets in Resources */,
				E42AA0E92BB6DC700091B4C5 /* Assets.xcassets in Resources */,
				E45D43F92BC4366100F43519 /* light_thunderstorm.scn in Resources */,
				E43FD43E2BCD72C600EC61A3 /* big_thunderstorm_with_hail.scn in Resources */,
				E45D43FB2BC4369100F43519 /* partly_cloudy.scn in Resources */,
				E43FD43C2BCD6A0D00EC61A3 /* snowfall.scn in Resources */,
				E45D43ED2BC4355200F43519 /* clear_moon.scn in Resources */,
			);
			runOnlyForDeploymentPostprocessing = 0;
		};
/* End PBXResourcesBuildPhase section */

/* Begin PBXSourcesBuildPhase section */
		E42AA0DD2BB6DC6D0091B4C5 /* Sources */ = {
			isa = PBXSourcesBuildPhase;
			buildActionMask = 2147483647;
			files = (
				E42AA0E72BB6DC6D0091B4C5 /* ContentView.swift in Sources */,
				E481A9B52BB6DF88005C6DD0 /* CurrentlyView.swift in Sources */,
				E407BD0D2BC93B900004BAFB /* SplashScreenView.swift in Sources */,
				E42AA0E52BB6DC6D0091B4C5 /* weatherfinal_projApp.swift in Sources */,
				E45D440A2BC4491600F43519 /* CurrentInfoDash.swift in Sources */,
				E42784752BBB21450095FB12 /* LocationManager.swift in Sources */,
				E4B7A2CB2BC7C45700E41BF7 /* MiniSceneView.swift in Sources */,
				E481A9B72BB6DF97005C6DD0 /* TodayView.swift in Sources */,
				E481A9B32BB6DDFB005C6DD0 /* MyAppBar.swift in Sources */,
				E45D43C82BC4317F00F43519 /* CustomSceneView.swift in Sources */,
				E4B7A2D12BC7D36C00E41BF7 /* WeeklyChart.swift in Sources */,
				E431558A2BBB5B17005EFA4D /* City.swift in Sources */,
				E431558D2BBC4A6E005EFA4D /* MySearchList.swift in Sources */,
				E45D440C2BC5844900F43519 /* TodayChart.swift in Sources */,
				E481A9B92BB6DFA4005C6DD0 /* WeeklyView.swift in Sources */,
			);
			runOnlyForDeploymentPostprocessing = 0;
		};
/* End PBXSourcesBuildPhase section */

/* Begin XCBuildConfiguration section */
		E42AA0ED2BB6DC700091B4C5 /* Debug */ = {
			isa = XCBuildConfiguration;
			buildSettings = {
				ALWAYS_SEARCH_USER_PATHS = NO;
				ASSETCATALOG_COMPILER_GENERATE_SWIFT_ASSET_SYMBOL_EXTENSIONS = YES;
				CLANG_ANALYZER_NONNULL = YES;
				CLANG_ANALYZER_NUMBER_OBJECT_CONVERSION = YES_AGGRESSIVE;
				CLANG_CXX_LANGUAGE_STANDARD = "gnu++20";
				CLANG_ENABLE_MODULES = YES;
				CLANG_ENABLE_OBJC_ARC = YES;
				CLANG_ENABLE_OBJC_WEAK = YES;
				CLANG_WARN_BLOCK_CAPTURE_AUTORELEASING = YES;
				CLANG_WARN_BOOL_CONVERSION = YES;
				CLANG_WARN_COMMA = YES;
				CLANG_WARN_CONSTANT_CONVERSION = YES;
				CLANG_WARN_DEPRECATED_OBJC_IMPLEMENTATIONS = YES;
				CLANG_WARN_DIRECT_OBJC_ISA_USAGE = YES_ERROR;
				CLANG_WARN_DOCUMENTATION_COMMENTS = YES;
				CLANG_WARN_EMPTY_BODY = YES;
				CLANG_WARN_ENUM_CONVERSION = YES;
				CLANG_WARN_INFINITE_RECURSION = YES;
				CLANG_WARN_INT_CONVERSION = YES;
				CLANG_WARN_NON_LITERAL_NULL_CONVERSION = YES;
				CLANG_WARN_OBJC_IMPLICIT_RETAIN_SELF = YES;
				CLANG_WARN_OBJC_LITERAL_CONVERSION = YES;
				CLANG_WARN_OBJC_ROOT_CLASS = YES_ERROR;
				CLANG_WARN_QUOTED_INCLUDE_IN_FRAMEWORK_HEADER = YES;
				CLANG_WARN_RANGE_LOOP_ANALYSIS = YES;
				CLANG_WARN_STRICT_PROTOTYPES = YES;
				CLANG_WARN_SUSPICIOUS_MOVE = YES;
				CLANG_WARN_UNGUARDED_AVAILABILITY = YES_AGGRESSIVE;
				CLANG_WARN_UNREACHABLE_CODE = YES;
				CLANG_WARN__DUPLICATE_METHOD_MATCH = YES;
				COPY_PHASE_STRIP = NO;
				DEBUG_INFORMATION_FORMAT = dwarf;
				ENABLE_STRICT_OBJC_MSGSEND = YES;
				ENABLE_TESTABILITY = YES;
				ENABLE_USER_SCRIPT_SANDBOXING = YES;
				GCC_C_LANGUAGE_STANDARD = gnu17;
				GCC_DYNAMIC_NO_PIC = NO;
				GCC_NO_COMMON_BLOCKS = YES;
				GCC_OPTIMIZATION_LEVEL = 0;
				GCC_PREPROCESSOR_DEFINITIONS = (
					"DEBUG=1",
					"$(inherited)",
				);
				GCC_WARN_64_TO_32_BIT_CONVERSION = YES;
				GCC_WARN_ABOUT_RETURN_TYPE = YES_ERROR;
				GCC_WARN_UNDECLARED_SELECTOR = YES;
				GCC_WARN_UNINITIALIZED_AUTOS = YES_AGGRESSIVE;
				GCC_WARN_UNUSED_FUNCTION = YES;
				GCC_WARN_UNUSED_VARIABLE = YES;
				IPHONEOS_DEPLOYMENT_TARGET = 16.0;
				LOCALIZATION_PREFERS_STRING_CATALOGS = YES;
				MTL_ENABLE_DEBUG_INFO = INCLUDE_SOURCE;
				MTL_FAST_MATH = YES;
				ONLY_ACTIVE_ARCH = YES;
				SDKROOT = iphoneos;
				SWIFT_ACTIVE_COMPILATION_CONDITIONS = "DEBUG $(inherited)";
				SWIFT_OPTIMIZATION_LEVEL = "-Onone";
			};
			name = Debug;
		};
		E42AA0EE2BB6DC700091B4C5 /* Release */ = {
			isa = XCBuildConfiguration;
			buildSettings = {
				ALWAYS_SEARCH_USER_PATHS = NO;
				ASSETCATALOG_COMPILER_GENERATE_SWIFT_ASSET_SYMBOL_EXTENSIONS = YES;
				CLANG_ANALYZER_NONNULL = YES;
				CLANG_ANALYZER_NUMBER_OBJECT_CONVERSION = YES_AGGRESSIVE;
				CLANG_CXX_LANGUAGE_STANDARD = "gnu++20";
				CLANG_ENABLE_MODULES = YES;
				CLANG_ENABLE_OBJC_ARC = YES;
				CLANG_ENABLE_OBJC_WEAK = YES;
				CLANG_WARN_BLOCK_CAPTURE_AUTORELEASING = YES;
				CLANG_WARN_BOOL_CONVERSION = YES;
				CLANG_WARN_COMMA = YES;
				CLANG_WARN_CONSTANT_CONVERSION = YES;
				CLANG_WARN_DEPRECATED_OBJC_IMPLEMENTATIONS = YES;
				CLANG_WARN_DIRECT_OBJC_ISA_USAGE = YES_ERROR;
				CLANG_WARN_DOCUMENTATION_COMMENTS = YES;
				CLANG_WARN_EMPTY_BODY = YES;
				CLANG_WARN_ENUM_CONVERSION = YES;
				CLANG_WARN_INFINITE_RECURSION = YES;
				CLANG_WARN_INT_CONVERSION = YES;
				CLANG_WARN_NON_LITERAL_NULL_CONVERSION = YES;
				CLANG_WARN_OBJC_IMPLICIT_RETAIN_SELF = YES;
				CLANG_WARN_OBJC_LITERAL_CONVERSION = YES;
				CLANG_WARN_OBJC_ROOT_CLASS = YES_ERROR;
				CLANG_WARN_QUOTED_INCLUDE_IN_FRAMEWORK_HEADER = YES;
				CLANG_WARN_RANGE_LOOP_ANALYSIS = YES;
				CLANG_WARN_STRICT_PROTOTYPES = YES;
				CLANG_WARN_SUSPICIOUS_MOVE = YES;
				CLANG_WARN_UNGUARDED_AVAILABILITY = YES_AGGRESSIVE;
				CLANG_WARN_UNREACHABLE_CODE = YES;
				CLANG_WARN__DUPLICATE_METHOD_MATCH = YES;
				COPY_PHASE_STRIP = NO;
				DEBUG_INFORMATION_FORMAT = "dwarf-with-dsym";
				ENABLE_NS_ASSERTIONS = NO;
				ENABLE_STRICT_OBJC_MSGSEND = YES;
				ENABLE_USER_SCRIPT_SANDBOXING = YES;
				GCC_C_LANGUAGE_STANDARD = gnu17;
				GCC_NO_COMMON_BLOCKS = YES;
				GCC_WARN_64_TO_32_BIT_CONVERSION = YES;
				GCC_WARN_ABOUT_RETURN_TYPE = YES_ERROR;
				GCC_WARN_UNDECLARED_SELECTOR = YES;
				GCC_WARN_UNINITIALIZED_AUTOS = YES_AGGRESSIVE;
				GCC_WARN_UNUSED_FUNCTION = YES;
				GCC_WARN_UNUSED_VARIABLE = YES;
				IPHONEOS_DEPLOYMENT_TARGET = 16.0;
				LOCALIZATION_PREFERS_STRING_CATALOGS = YES;
				MTL_ENABLE_DEBUG_INFO = NO;
				MTL_FAST_MATH = YES;
				SDKROOT = iphoneos;
				SWIFT_COMPILATION_MODE = wholemodule;
				VALIDATE_PRODUCT = YES;
			};
			name = Release;
		};
		E42AA0F02BB6DC700091B4C5 /* Debug */ = {
			isa = XCBuildConfiguration;
			buildSettings = {
				ASSETCATALOG_COMPILER_APPICON_NAME = AppIcon;
				ASSETCATALOG_COMPILER_GLOBAL_ACCENT_COLOR_NAME = AccentColor;
				CODE_SIGN_STYLE = Automatic;
				CURRENT_PROJECT_VERSION = 1;
				DEVELOPMENT_ASSET_PATHS = "\"weatherfinal_proj/Preview Content\"";
				DEVELOPMENT_TEAM = UXC33S4TT6;
				ENABLE_PREVIEWS = YES;
				GENERATE_INFOPLIST_FILE = YES;
				INFOPLIST_FILE = "weatherfinal-proj-Info.plist";
				INFOPLIST_KEY_CFBundleDisplayName = Weather42;
				INFOPLIST_KEY_LSApplicationCategoryType = "public.app-category.weather";
				INFOPLIST_KEY_NSLocationWhenInUseUsageDescription = "Please allow us to access your location";
				INFOPLIST_KEY_UIApplicationSceneManifest_Generation = YES;
				INFOPLIST_KEY_UIApplicationSupportsIndirectInputEvents = YES;
				INFOPLIST_KEY_UISupportedInterfaceOrientations_iPad = "UIInterfaceOrientationPortrait UIInterfaceOrientationPortraitUpsideDown UIInterfaceOrientationLandscapeLeft UIInterfaceOrientationLandscapeRight";
				INFOPLIST_KEY_UISupportedInterfaceOrientations_iPhone = "UIInterfaceOrientationPortrait UIInterfaceOrientationLandscapeLeft UIInterfaceOrientationLandscapeRight";
				IPHONEOS_DEPLOYMENT_TARGET = 16.0;
				LD_RUNPATH_SEARCH_PATHS = (
					"$(inherited)",
					"@executable_path/Frameworks",
				);
				MARKETING_VERSION = 1.0;
				PRODUCT_BUNDLE_IDENTIFIER = "fr.devj2k.weatherfinal-proj";
				PRODUCT_NAME = "$(TARGET_NAME)";
				SWIFT_EMIT_LOC_STRINGS = YES;
				SWIFT_VERSION = 5.0;
				TARGETED_DEVICE_FAMILY = "1,2";
			};
			name = Debug;
		};
		E42AA0F12BB6DC700091B4C5 /* Release */ = {
			isa = XCBuildConfiguration;
			buildSettings = {
				ASSETCATALOG_COMPILER_APPICON_NAME = AppIcon;
				ASSETCATALOG_COMPILER_GLOBAL_ACCENT_COLOR_NAME = AccentColor;
				CODE_SIGN_STYLE = Automatic;
				CURRENT_PROJECT_VERSION = 1;
				DEVELOPMENT_ASSET_PATHS = "\"weatherfinal_proj/Preview Content\"";
				DEVELOPMENT_TEAM = UXC33S4TT6;
				ENABLE_PREVIEWS = YES;
				GENERATE_INFOPLIST_FILE = YES;
				INFOPLIST_FILE = "weatherfinal-proj-Info.plist";
				INFOPLIST_KEY_CFBundleDisplayName = Weather42;
				INFOPLIST_KEY_LSApplicationCategoryType = "public.app-category.weather";
				INFOPLIST_KEY_NSLocationWhenInUseUsageDescription = "Please allow us to access your location";
				INFOPLIST_KEY_UIApplicationSceneManifest_Generation = YES;
				INFOPLIST_KEY_UIApplicationSupportsIndirectInputEvents = YES;
				INFOPLIST_KEY_UISupportedInterfaceOrientations_iPad = "UIInterfaceOrientationPortrait UIInterfaceOrientationPortraitUpsideDown UIInterfaceOrientationLandscapeLeft UIInterfaceOrientationLandscapeRight";
				INFOPLIST_KEY_UISupportedInterfaceOrientations_iPhone = "UIInterfaceOrientationPortrait UIInterfaceOrientationLandscapeLeft UIInterfaceOrientationLandscapeRight";
				IPHONEOS_DEPLOYMENT_TARGET = 16.0;
				LD_RUNPATH_SEARCH_PATHS = (
					"$(inherited)",
					"@executable_path/Frameworks",
				);
				MARKETING_VERSION = 1.0;
				PRODUCT_BUNDLE_IDENTIFIER = "fr.devj2k.weatherfinal-proj";
				PRODUCT_NAME = "$(TARGET_NAME)";
				SWIFT_EMIT_LOC_STRINGS = YES;
				SWIFT_VERSION = 5.0;
				TARGETED_DEVICE_FAMILY = "1,2";
			};
			name = Release;
		};
/* End XCBuildConfiguration section */

/* Begin XCConfigurationList section */
		E42AA0DC2BB6DC6D0091B4C5 /* Build configuration list for PBXProject "weatherfinal_proj" */ = {
			isa = XCConfigurationList;
			buildConfigurations = (
				E42AA0ED2BB6DC700091B4C5 /* Debug */,
				E42AA0EE2BB6DC700091B4C5 /* Release */,
			);
			defaultConfigurationIsVisible = 0;
			defaultConfigurationName = Release;
		};
		E42AA0EF2BB6DC700091B4C5 /* Build configuration list for PBXNativeTarget "weatherfinal_proj" */ = {
			isa = XCConfigurationList;
			buildConfigurations = (
				E42AA0F02BB6DC700091B4C5 /* Debug */,
				E42AA0F12BB6DC700091B4C5 /* Release */,
			);
			defaultConfigurationIsVisible = 0;
			defaultConfigurationName = Release;
		};
/* End XCConfigurationList section */
	};
	rootObject = E42AA0D92BB6DC6D0091B4C5 /* Project object */;
}
